
Microsoft Visual Studio Solution File, Format Version 12.00
# Visual Studio 2013
VisualStudioVersion = 12.0.40629.0
MinimumVisualStudioVersion = 10.0.40219.1
Project("{FAE04EC0-301F-11D3-BF4B-00C04F79EFBC}") = "10StringProblem", "10StringProblem\10StringProblem.csproj", "{7C441974-CEFA-4886-B32A-C6AD72784B51}"
EndProject
Project("{FAE04EC0-301F-11D3-BF4B-00C04F79EFBC}") = "10StringProblem.UnitTest", "10StringProblem.UnitTest\10StringProblem.UnitTest.csproj", "{C95A57DD-4F4A-4F55-BD6C-F7B05A665D5C}"
EndProject
Project("{FAE04EC0-301F-11D3-BF4B-00C04F79EFBC}") = "10StringProblem.BusinessLogic", "10StringProblem.BusinessLogic\10StringProblem.BusinessLogic.csproj", "{B2952DEC-2458-48DC-B5CE-8BAC1D437928}"
EndProject
Project("{2150E333-8FDC-42A3-9474-1A3956D46DE8}") = "Executable", "Executable", "{4561CF2B-3C88-4550-8C63-36A865D0E43D}"
	ProjectSection(SolutionItems) = preProject
		10StringProblem\bin\Release\10StringProblem.BusinessLogic.dll = 10StringProblem\bin\Release\10StringProblem.BusinessLogic.dll
		10StringProblem\bin\Release\10StringProblem.BusinessLogic.pdb = 10StringProblem\bin\Release\10StringProblem.BusinessLogic.pdb
		10StringProblem\bin\Release\10StringProblem.exe = 10StringProblem\bin\Release\10StringProblem.exe
		10StringProblem\bin\Release\10StringProblem.exe.config = 10StringProblem\bin\Release\10StringProblem.exe.config
		10StringProblem\bin\Release\10StringProblem.pdb = 10StringProblem\bin\Release\10StringProblem.pdb
		10StringProblem\bin\Release\10StringProblem.vshost.exe = 10StringProblem\bin\Release\10StringProblem.vshost.exe
		10StringProblem\bin\Release\10StringProblem.vshost.exe.config = 10StringProblem\bin\Release\10StringProblem.vshost.exe.config
		10StringProblem\bin\Release\10StringProblem.vshost.exe.manifest = 10StringProblem\bin\Release\10StringProblem.vshost.exe.manifest
	EndProjectSection
EndProject
Global
	GlobalSection(SolutionConfigurationPlatforms) = preSolution
		Debug|Any CPU = Debug|Any CPU
		Release|Any CPU = Release|Any CPU
	EndGlobalSection
	GlobalSection(ProjectConfigurationPlatforms) = postSolution
		{7C441974-CEFA-4886-B32A-C6AD72784B51}.Debug|Any CPU.ActiveCfg = Debug|Any CPU
		{7C441974-CEFA-4886-B32A-C6AD72784B51}.Debug|Any CPU.Build.0 = Debug|Any CPU
		{7C441974-CEFA-4886-B32A-C6AD72784B51}.Release|Any CPU.ActiveCfg = Release|Any CPU
		{7C441974-CEFA-4886-B32A-C6AD72784B51}.Release|Any CPU.Build.0 = Release|Any CPU
		{C95A57DD-4F4A-4F55-BD6C-F7B05A665D5C}.Debug|Any CPU.ActiveCfg = Debug|Any CPU
		{C95A57DD-4F4A-4F55-BD6C-F7B05A665D5C}.Debug|Any CPU.Build.0 = Debug|Any CPU
		{C95A57DD-4F4A-4F55-BD6C-F7B05A665D5C}.Release|Any CPU.ActiveCfg = Release|Any CPU
		{C95A57DD-4F4A-4F55-BD6C-F7B05A665D5C}.Release|Any CPU.Build.0 = Release|Any CPU
		{B2952DEC-2458-48DC-B5CE-8BAC1D437928}.Debug|Any CPU.ActiveCfg = Debug|Any CPU
		{B2952DEC-2458-48DC-B5CE-8BAC1D437928}.Debug|Any CPU.Build.0 = Debug|Any CPU
		{B2952DEC-2458-48DC-B5CE-8BAC1D437928}.Release|Any CPU.ActiveCfg = Release|Any CPU
		{B2952DEC-2458-48DC-B5CE-8BAC1D437928}.Release|Any CPU.Build.0 = Release|Any CPU
	EndGlobalSection
	GlobalSection(SolutionProperties) = preSolution
		HideSolutionNode = FALSE
	EndGlobalSection
EndGlobal
